// !$*UTF8*$!
{
	archiveVersion = 1;
	classes = {
	};
	objectVersion = 46;
	objects = {

/* Begin PBXBuildFile section */
		2CBFB3EF2209350000BB233B /* P3Foundation.framework in Frameworks */ = {isa = PBXBuildFile; fileRef = 2CBFB3EE2209350000BB233B /* P3Foundation.framework */; };
		2CBFB3F12209350000BB233B /* P3UIKit.framework in Frameworks */ = {isa = PBXBuildFile; fileRef = 2CBFB3F02209350000BB233B /* P3UIKit.framework */; };
		DF3DEAE31D5B96F90029D70B /* P3UIKitTV.framework in Frameworks */ = {isa = PBXBuildFile; fileRef = DF3DEAE11D5B96F90029D70B /* P3UIKitTV.framework */; };
		DF4F24981EBE7AE600AB8FA7 /* P3ImageCache.swift in Sources */ = {isa = PBXBuildFile; fileRef = DF4F24971EBE7AE600AB8FA7 /* P3ImageCache.swift */; };
		DF4F24991EBE7AE600AB8FA7 /* P3ImageCache.swift in Sources */ = {isa = PBXBuildFile; fileRef = DF4F24971EBE7AE600AB8FA7 /* P3ImageCache.swift */; };
		DF5342781ECBB88600E83B55 /* P3NetworkKitMac.h in Headers */ = {isa = PBXBuildFile; fileRef = DF5342761ECBB88600E83B55 /* P3NetworkKitMac.h */; settings = {ATTRIBUTES = (Public, ); }; };
		DF53427E1ECBB89E00E83B55 /* P3Foundation.framework in Frameworks */ = {isa = PBXBuildFile; fileRef = DF53427C1ECBB89E00E83B55 /* P3Foundation.framework */; };
		DF53427F1ECBB89E00E83B55 /* P3UIKitMac.framework in Frameworks */ = {isa = PBXBuildFile; fileRef = DF53427D1ECBB89E00E83B55 /* P3UIKitMac.framework */; };
		DF5342801ECBB8C400E83B55 /* EndpointType.swift in Sources */ = {isa = PBXBuildFile; fileRef = DF60C07E1D17140D00842E21 /* EndpointType.swift */; };
		DF5342811ECBB8C400E83B55 /* HTTPMethod.swift in Sources */ = {isa = PBXBuildFile; fileRef = DF60C08B1D17244500842E21 /* HTTPMethod.swift */; };
		DF5342821ECBB8C400E83B55 /* P3ImageCache.swift in Sources */ = {isa = PBXBuildFile; fileRef = DF4F24971EBE7AE600AB8FA7 /* P3ImageCache.swift */; };
		DF5342831ECBB8C400E83B55 /* P3ReachabilityCondition.swift in Sources */ = {isa = PBXBuildFile; fileRef = DF60C0891D17224500842E21 /* P3ReachabilityCondition.swift */; };
		DF5342841ECBB8C400E83B55 /* P3LocationAvailabilityCondition.swift in Sources */ = {isa = PBXBuildFile; fileRef = DF8694771D1894060026402B /* P3LocationAvailabilityCondition.swift */; };
		DF5342851ECBB8C400E83B55 /* P3URLSessionTaskOperation.swift in Sources */ = {isa = PBXBuildFile; fileRef = DF60C0861D1718A400842E21 /* P3URLSessionTaskOperation.swift */; };
		DF5342861ECBB8C400E83B55 /* P3NetworkOperation.swift in Sources */ = {isa = PBXBuildFile; fileRef = DF60C08D1D17253600842E21 /* P3NetworkOperation.swift */; };
		DF5342871ECBB8C400E83B55 /* P3GetCurrentLocationOperation.swift in Sources */ = {isa = PBXBuildFile; fileRef = DF0979AB1D18978400963A24 /* P3GetCurrentLocationOperation.swift */; };
		DF5342881ECBB8C400E83B55 /* P3LocationGeocodingOperation.swift in Sources */ = {isa = PBXBuildFile; fileRef = DF0979AD1D18996100963A24 /* P3LocationGeocodingOperation.swift */; };
		DF5342891ECBB8C400E83B55 /* P3LocationReverseGeocodingOperation.swift in Sources */ = {isa = PBXBuildFile; fileRef = DF0979AF1D1899E300963A24 /* P3LocationReverseGeocodingOperation.swift */; };
		DF53428A1ECBB8C400E83B55 /* UIImageView.swift in Sources */ = {isa = PBXBuildFile; fileRef = DF60C0831D17155900842E21 /* UIImageView.swift */; };
		DF53428B1ECBB8C400E83B55 /* EndpointConvertible.swift in Sources */ = {isa = PBXBuildFile; fileRef = DF00CE361D170D77003C6E7E /* EndpointConvertible.swift */; };
		DF53428C1ECBB8C400E83B55 /* JSONParselable.swift in Sources */ = {isa = PBXBuildFile; fileRef = DF60C0801D17145500842E21 /* JSONParselable.swift */; };
		DF55E3461F05CDBD00AE7D2A /* P3ConsumeJSONModelOperation.swift in Sources */ = {isa = PBXBuildFile; fileRef = DF55E3451F05CDBD00AE7D2A /* P3ConsumeJSONModelOperation.swift */; };
		DF55E3471F05CDBD00AE7D2A /* P3ConsumeJSONModelOperation.swift in Sources */ = {isa = PBXBuildFile; fileRef = DF55E3451F05CDBD00AE7D2A /* P3ConsumeJSONModelOperation.swift */; };
		DF55E3481F05CDBD00AE7D2A /* P3ConsumeJSONModelOperation.swift in Sources */ = {isa = PBXBuildFile; fileRef = DF55E3451F05CDBD00AE7D2A /* P3ConsumeJSONModelOperation.swift */; };
		DF5684EB1D63712D00231B00 /* P3Foundation.framework in Frameworks */ = {isa = PBXBuildFile; fileRef = DFAE16451D170C9B0044B280 /* P3Foundation.framework */; };
		DF784EFA1F05E560008578D0 /* P3JSONResponseWrapper.swift in Sources */ = {isa = PBXBuildFile; fileRef = DF784EF91F05E560008578D0 /* P3JSONResponseWrapper.swift */; };
		DF784EFB1F05E560008578D0 /* P3JSONResponseWrapper.swift in Sources */ = {isa = PBXBuildFile; fileRef = DF784EF91F05E560008578D0 /* P3JSONResponseWrapper.swift */; };
		DF784EFC1F05E560008578D0 /* P3JSONResponseWrapper.swift in Sources */ = {isa = PBXBuildFile; fileRef = DF784EF91F05E560008578D0 /* P3JSONResponseWrapper.swift */; };
		DF8C3DDC1E00D14700EA9879 /* EndpointType.swift in Sources */ = {isa = PBXBuildFile; fileRef = DF60C07E1D17140D00842E21 /* EndpointType.swift */; };
		DF8C3DDD1E00D14700EA9879 /* HTTPMethod.swift in Sources */ = {isa = PBXBuildFile; fileRef = DF60C08B1D17244500842E21 /* HTTPMethod.swift */; };
		DF8C3DDE1E00D14700EA9879 /* P3ReachabilityCondition.swift in Sources */ = {isa = PBXBuildFile; fileRef = DF60C0891D17224500842E21 /* P3ReachabilityCondition.swift */; };
		DF8C3DDF1E00D14700EA9879 /* P3LocationAvailabilityCondition.swift in Sources */ = {isa = PBXBuildFile; fileRef = DF8694771D1894060026402B /* P3LocationAvailabilityCondition.swift */; };
		DF8C3DE01E00D14700EA9879 /* P3URLSessionTaskOperation.swift in Sources */ = {isa = PBXBuildFile; fileRef = DF60C0861D1718A400842E21 /* P3URLSessionTaskOperation.swift */; };
		DF8C3DE11E00D14700EA9879 /* P3NetworkOperation.swift in Sources */ = {isa = PBXBuildFile; fileRef = DF60C08D1D17253600842E21 /* P3NetworkOperation.swift */; };
		DF8C3DE21E00D14700EA9879 /* P3GetCurrentLocationOperation.swift in Sources */ = {isa = PBXBuildFile; fileRef = DF0979AB1D18978400963A24 /* P3GetCurrentLocationOperation.swift */; };
		DF8C3DE31E00D14700EA9879 /* P3LocationGeocodingOperation.swift in Sources */ = {isa = PBXBuildFile; fileRef = DF0979AD1D18996100963A24 /* P3LocationGeocodingOperation.swift */; };
		DF8C3DE41E00D14700EA9879 /* P3LocationReverseGeocodingOperation.swift in Sources */ = {isa = PBXBuildFile; fileRef = DF0979AF1D1899E300963A24 /* P3LocationReverseGeocodingOperation.swift */; };
		DF8C3DE51E00D14700EA9879 /* UIImageView.swift in Sources */ = {isa = PBXBuildFile; fileRef = DF60C0831D17155900842E21 /* UIImageView.swift */; };
		DF8C3DE61E00D14700EA9879 /* EndpointConvertible.swift in Sources */ = {isa = PBXBuildFile; fileRef = DF00CE361D170D77003C6E7E /* EndpointConvertible.swift */; };
		DF8C3DE71E00D14700EA9879 /* JSONParselable.swift in Sources */ = {isa = PBXBuildFile; fileRef = DF60C0801D17145500842E21 /* JSONParselable.swift */; };
		DFAE163D1D170B350044B280 /* P3NetworkKit.h in Headers */ = {isa = PBXBuildFile; fileRef = DFAE163C1D170B350044B280 /* P3NetworkKit.h */; settings = {ATTRIBUTES = (Public, ); }; };
		DFCEC6BB1D18B0DC0086F125 /* CoreLocation.framework in Frameworks */ = {isa = PBXBuildFile; fileRef = DFCEC6BA1D18B0DC0086F125 /* CoreLocation.framework */; };
		DFF2A33F1D5B9314003493C6 /* P3NetworkKitTV.h in Headers */ = {isa = PBXBuildFile; fileRef = DFF2A33D1D5B9314003493C6 /* P3NetworkKitTV.h */; settings = {ATTRIBUTES = (Public, ); }; };
		DFF2A3431D5B931F003493C6 /* EndpointType.swift in Sources */ = {isa = PBXBuildFile; fileRef = DF60C07E1D17140D00842E21 /* EndpointType.swift */; };
		DFF2A3441D5B931F003493C6 /* HTTPMethod.swift in Sources */ = {isa = PBXBuildFile; fileRef = DF60C08B1D17244500842E21 /* HTTPMethod.swift */; };
		DFF2A3451D5B931F003493C6 /* P3ReachabilityCondition.swift in Sources */ = {isa = PBXBuildFile; fileRef = DF60C0891D17224500842E21 /* P3ReachabilityCondition.swift */; };
		DFF2A3461D5B931F003493C6 /* P3LocationAvailabilityCondition.swift in Sources */ = {isa = PBXBuildFile; fileRef = DF8694771D1894060026402B /* P3LocationAvailabilityCondition.swift */; };
		DFF2A3471D5B931F003493C6 /* P3URLSessionTaskOperation.swift in Sources */ = {isa = PBXBuildFile; fileRef = DF60C0861D1718A400842E21 /* P3URLSessionTaskOperation.swift */; };
		DFF2A3481D5B931F003493C6 /* P3NetworkOperation.swift in Sources */ = {isa = PBXBuildFile; fileRef = DF60C08D1D17253600842E21 /* P3NetworkOperation.swift */; };
		DFF2A3491D5B931F003493C6 /* P3GetCurrentLocationOperation.swift in Sources */ = {isa = PBXBuildFile; fileRef = DF0979AB1D18978400963A24 /* P3GetCurrentLocationOperation.swift */; };
		DFF2A34A1D5B931F003493C6 /* P3LocationGeocodingOperation.swift in Sources */ = {isa = PBXBuildFile; fileRef = DF0979AD1D18996100963A24 /* P3LocationGeocodingOperation.swift */; };
		DFF2A34B1D5B931F003493C6 /* P3LocationReverseGeocodingOperation.swift in Sources */ = {isa = PBXBuildFile; fileRef = DF0979AF1D1899E300963A24 /* P3LocationReverseGeocodingOperation.swift */; };
		DFF2A34C1D5B931F003493C6 /* UIImageView.swift in Sources */ = {isa = PBXBuildFile; fileRef = DF60C0831D17155900842E21 /* UIImageView.swift */; };
		DFF2A34D1D5B931F003493C6 /* EndpointConvertible.swift in Sources */ = {isa = PBXBuildFile; fileRef = DF00CE361D170D77003C6E7E /* EndpointConvertible.swift */; };
		DFF2A34E1D5B931F003493C6 /* JSONParselable.swift in Sources */ = {isa = PBXBuildFile; fileRef = DF60C0801D17145500842E21 /* JSONParselable.swift */; };
/* End PBXBuildFile section */

/* Begin PBXFileReference section */
		2CBFB3EE2209350000BB233B /* P3Foundation.framework */ = {isa = PBXFileReference; explicitFileType = wrapper.framework; path = P3Foundation.framework; sourceTree = BUILT_PRODUCTS_DIR; };
		2CBFB3F02209350000BB233B /* P3UIKit.framework */ = {isa = PBXFileReference; explicitFileType = wrapper.framework; path = P3UIKit.framework; sourceTree = BUILT_PRODUCTS_DIR; };
		DF00CE361D170D77003C6E7E /* EndpointConvertible.swift */ = {isa = PBXFileReference; fileEncoding = 4; lastKnownFileType = sourcecode.swift; path = EndpointConvertible.swift; sourceTree = "<group>"; };
		DF0979AB1D18978400963A24 /* P3GetCurrentLocationOperation.swift */ = {isa = PBXFileReference; fileEncoding = 4; lastKnownFileType = sourcecode.swift; path = P3GetCurrentLocationOperation.swift; sourceTree = "<group>"; };
		DF0979AD1D18996100963A24 /* P3LocationGeocodingOperation.swift */ = {isa = PBXFileReference; fileEncoding = 4; lastKnownFileType = sourcecode.swift; path = P3LocationGeocodingOperation.swift; sourceTree = "<group>"; };
		DF0979AF1D1899E300963A24 /* P3LocationReverseGeocodingOperation.swift */ = {isa = PBXFileReference; fileEncoding = 4; lastKnownFileType = sourcecode.swift; path = P3LocationReverseGeocodingOperation.swift; sourceTree = "<group>"; };
		DF3DEAE11D5B96F90029D70B /* P3UIKitTV.framework */ = {isa = PBXFileReference; lastKnownFileType = wrapper.framework; name = P3UIKitTV.framework; path = Carthage/Build/tvOS/P3UIKitTV.framework; sourceTree = "<group>"; };
		DF4F24971EBE7AE600AB8FA7 /* P3ImageCache.swift */ = {isa = PBXFileReference; fileEncoding = 4; lastKnownFileType = sourcecode.swift; path = P3ImageCache.swift; sourceTree = "<group>"; };
		DF5342741ECBB88600E83B55 /* P3NetworkKitMac.framework */ = {isa = PBXFileReference; explicitFileType = wrapper.framework; includeInIndex = 0; path = P3NetworkKitMac.framework; sourceTree = BUILT_PRODUCTS_DIR; };
		DF5342761ECBB88600E83B55 /* P3NetworkKitMac.h */ = {isa = PBXFileReference; lastKnownFileType = sourcecode.c.h; path = P3NetworkKitMac.h; sourceTree = "<group>"; };
		DF5342771ECBB88600E83B55 /* Info.plist */ = {isa = PBXFileReference; lastKnownFileType = text.plist.xml; path = Info.plist; sourceTree = "<group>"; };
		DF53427C1ECBB89E00E83B55 /* P3Foundation.framework */ = {isa = PBXFileReference; lastKnownFileType = wrapper.framework; name = P3Foundation.framework; path = Carthage/Build/Mac/P3Foundation.framework; sourceTree = "<group>"; };
		DF53427D1ECBB89E00E83B55 /* P3UIKitMac.framework */ = {isa = PBXFileReference; lastKnownFileType = wrapper.framework; name = P3UIKitMac.framework; path = Carthage/Build/Mac/P3UIKitMac.framework; sourceTree = "<group>"; };
		DF55E3451F05CDBD00AE7D2A /* P3ConsumeJSONModelOperation.swift */ = {isa = PBXFileReference; lastKnownFileType = sourcecode.swift; path = P3ConsumeJSONModelOperation.swift; sourceTree = "<group>"; };
		DF60C07E1D17140D00842E21 /* EndpointType.swift */ = {isa = PBXFileReference; fileEncoding = 4; lastKnownFileType = sourcecode.swift; path = EndpointType.swift; sourceTree = "<group>"; };
		DF60C0801D17145500842E21 /* JSONParselable.swift */ = {isa = PBXFileReference; fileEncoding = 4; lastKnownFileType = sourcecode.swift; path = JSONParselable.swift; sourceTree = "<group>"; };
		DF60C0831D17155900842E21 /* UIImageView.swift */ = {isa = PBXFileReference; fileEncoding = 4; lastKnownFileType = sourcecode.swift; path = UIImageView.swift; sourceTree = "<group>"; };
		DF60C0861D1718A400842E21 /* P3URLSessionTaskOperation.swift */ = {isa = PBXFileReference; fileEncoding = 4; lastKnownFileType = sourcecode.swift; path = P3URLSessionTaskOperation.swift; sourceTree = "<group>"; };
		DF60C0891D17224500842E21 /* P3ReachabilityCondition.swift */ = {isa = PBXFileReference; fileEncoding = 4; lastKnownFileType = sourcecode.swift; path = P3ReachabilityCondition.swift; sourceTree = "<group>"; };
		DF60C08B1D17244500842E21 /* HTTPMethod.swift */ = {isa = PBXFileReference; fileEncoding = 4; lastKnownFileType = sourcecode.swift; path = HTTPMethod.swift; sourceTree = "<group>"; };
		DF60C08D1D17253600842E21 /* P3NetworkOperation.swift */ = {isa = PBXFileReference; fileEncoding = 4; lastKnownFileType = sourcecode.swift; path = P3NetworkOperation.swift; sourceTree = "<group>"; };
		DF784EF91F05E560008578D0 /* P3JSONResponseWrapper.swift */ = {isa = PBXFileReference; lastKnownFileType = sourcecode.swift; path = P3JSONResponseWrapper.swift; sourceTree = "<group>"; };
		DF8694771D1894060026402B /* P3LocationAvailabilityCondition.swift */ = {isa = PBXFileReference; fileEncoding = 4; lastKnownFileType = sourcecode.swift; path = P3LocationAvailabilityCondition.swift; sourceTree = "<group>"; };
		DFAE16391D170B350044B280 /* P3NetworkKit.framework */ = {isa = PBXFileReference; explicitFileType = wrapper.framework; includeInIndex = 0; path = P3NetworkKit.framework; sourceTree = BUILT_PRODUCTS_DIR; };
		DFAE163C1D170B350044B280 /* P3NetworkKit.h */ = {isa = PBXFileReference; lastKnownFileType = sourcecode.c.h; path = P3NetworkKit.h; sourceTree = "<group>"; };
		DFAE163E1D170B350044B280 /* Info.plist */ = {isa = PBXFileReference; lastKnownFileType = text.plist.xml; path = Info.plist; sourceTree = "<group>"; };
		DFAE16451D170C9B0044B280 /* P3Foundation.framework */ = {isa = PBXFileReference; lastKnownFileType = wrapper.framework; name = P3Foundation.framework; path = Carthage/Build/iOS/P3Foundation.framework; sourceTree = "<group>"; };
		DFAE16461D170C9B0044B280 /* P3UIKit.framework */ = {isa = PBXFileReference; lastKnownFileType = wrapper.framework; name = P3UIKit.framework; path = Carthage/Build/iOS/P3UIKit.framework; sourceTree = "<group>"; };
		DFCEC6BA1D18B0DC0086F125 /* CoreLocation.framework */ = {isa = PBXFileReference; lastKnownFileType = wrapper.framework; name = CoreLocation.framework; path = System/Library/Frameworks/CoreLocation.framework; sourceTree = SDKROOT; };
		DFF2A33B1D5B9314003493C6 /* P3NetworkKitTV.framework */ = {isa = PBXFileReference; explicitFileType = wrapper.framework; includeInIndex = 0; path = P3NetworkKitTV.framework; sourceTree = BUILT_PRODUCTS_DIR; };
		DFF2A33D1D5B9314003493C6 /* P3NetworkKitTV.h */ = {isa = PBXFileReference; lastKnownFileType = sourcecode.c.h; path = P3NetworkKitTV.h; sourceTree = "<group>"; };
		DFF2A33E1D5B9314003493C6 /* Info.plist */ = {isa = PBXFileReference; lastKnownFileType = text.plist.xml; path = Info.plist; sourceTree = "<group>"; };
/* End PBXFileReference section */

/* Begin PBXFrameworksBuildPhase section */
		DF5342701ECBB88600E83B55 /* Frameworks */ = {
			isa = PBXFrameworksBuildPhase;
			buildActionMask = 2147483647;
			files = (
				DF53427E1ECBB89E00E83B55 /* P3Foundation.framework in Frameworks */,
				DF53427F1ECBB89E00E83B55 /* P3UIKitMac.framework in Frameworks */,
			);
			runOnlyForDeploymentPostprocessing = 0;
		};
		DFAE16351D170B350044B280 /* Frameworks */ = {
			isa = PBXFrameworksBuildPhase;
			buildActionMask = 2147483647;
			files = (
				2CBFB3EF2209350000BB233B /* P3Foundation.framework in Frameworks */,
				2CBFB3F12209350000BB233B /* P3UIKit.framework in Frameworks */,
				DFCEC6BB1D18B0DC0086F125 /* CoreLocation.framework in Frameworks */,
			);
			runOnlyForDeploymentPostprocessing = 0;
		};
		DFF2A3371D5B9314003493C6 /* Frameworks */ = {
			isa = PBXFrameworksBuildPhase;
			buildActionMask = 2147483647;
			files = (
				DF5684EB1D63712D00231B00 /* P3Foundation.framework in Frameworks */,
				DF3DEAE31D5B96F90029D70B /* P3UIKitTV.framework in Frameworks */,
			);
			runOnlyForDeploymentPostprocessing = 0;
		};
/* End PBXFrameworksBuildPhase section */

/* Begin PBXGroup section */
		DF00CE351D170D45003C6E7E /* Protocols */ = {
			isa = PBXGroup;
			children = (
				DF00CE361D170D77003C6E7E /* EndpointConvertible.swift */,
				DF60C0801D17145500842E21 /* JSONParselable.swift */,
			);
			path = Protocols;
			sourceTree = "<group>";
		};
		DF5342751ECBB88600E83B55 /* P3NetworkKitMac */ = {
			isa = PBXGroup;
			children = (
				DF5342761ECBB88600E83B55 /* P3NetworkKitMac.h */,
				DF5342771ECBB88600E83B55 /* Info.plist */,
			);
			path = P3NetworkKitMac;
			sourceTree = "<group>";
		};
		DF60C0821D17154A00842E21 /* Extensions */ = {
			isa = PBXGroup;
			children = (
				DF60C0831D17155900842E21 /* UIImageView.swift */,
			);
			path = Extensions;
			sourceTree = "<group>";
		};
		DF60C0851D17189200842E21 /* Operations */ = {
			isa = PBXGroup;
			children = (
				DF60C0861D1718A400842E21 /* P3URLSessionTaskOperation.swift */,
				DF60C08D1D17253600842E21 /* P3NetworkOperation.swift */,
				DF55E3451F05CDBD00AE7D2A /* P3ConsumeJSONModelOperation.swift */,
				DF0979AB1D18978400963A24 /* P3GetCurrentLocationOperation.swift */,
				DF0979AD1D18996100963A24 /* P3LocationGeocodingOperation.swift */,
				DF0979AF1D1899E300963A24 /* P3LocationReverseGeocodingOperation.swift */,
			);
			path = Operations;
			sourceTree = "<group>";
		};
		DF60C0881D17223100842E21 /* Conditions */ = {
			isa = PBXGroup;
			children = (
				DF60C0891D17224500842E21 /* P3ReachabilityCondition.swift */,
				DF8694771D1894060026402B /* P3LocationAvailabilityCondition.swift */,
			);
			path = Conditions;
			sourceTree = "<group>";
		};
		DF784EF81F05E537008578D0 /* Models */ = {
			isa = PBXGroup;
			children = (
				DF784EF91F05E560008578D0 /* P3JSONResponseWrapper.swift */,
			);
			path = Models;
			sourceTree = "<group>";
		};
		DFAE162F1D170B350044B280 = {
			isa = PBXGroup;
			children = (
				DFAE163B1D170B350044B280 /* Sources */,
				DFF2A33C1D5B9314003493C6 /* P3NetworkKitTV */,
				DF5342751ECBB88600E83B55 /* P3NetworkKitMac */,
				DFAE163A1D170B350044B280 /* Products */,
				DFAE16441D170C9B0044B280 /* Frameworks */,
			);
			sourceTree = "<group>";
		};
		DFAE163A1D170B350044B280 /* Products */ = {
			isa = PBXGroup;
			children = (
				DFAE16391D170B350044B280 /* P3NetworkKit.framework */,
				DFF2A33B1D5B9314003493C6 /* P3NetworkKitTV.framework */,
				DF5342741ECBB88600E83B55 /* P3NetworkKitMac.framework */,
			);
			name = Products;
			sourceTree = "<group>";
		};
		DFAE163B1D170B350044B280 /* Sources */ = {
			isa = PBXGroup;
			children = (
				DFAE163C1D170B350044B280 /* P3NetworkKit.h */,
				DFAE163E1D170B350044B280 /* Info.plist */,
				DF60C07E1D17140D00842E21 /* EndpointType.swift */,
				DF60C08B1D17244500842E21 /* HTTPMethod.swift */,
				DF4F24971EBE7AE600AB8FA7 /* P3ImageCache.swift */,
				DF784EF81F05E537008578D0 /* Models */,
				DF60C0881D17223100842E21 /* Conditions */,
				DF60C0851D17189200842E21 /* Operations */,
				DF60C0821D17154A00842E21 /* Extensions */,
				DF00CE351D170D45003C6E7E /* Protocols */,
			);
			path = Sources;
			sourceTree = "<group>";
		};
		DFAE16441D170C9B0044B280 /* Frameworks */ = {
			isa = PBXGroup;
			children = (
				2CBFB3EE2209350000BB233B /* P3Foundation.framework */,
				2CBFB3F02209350000BB233B /* P3UIKit.framework */,
				DF53427C1ECBB89E00E83B55 /* P3Foundation.framework */,
				DF53427D1ECBB89E00E83B55 /* P3UIKitMac.framework */,
				DF3DEAE11D5B96F90029D70B /* P3UIKitTV.framework */,
				DFCEC6BA1D18B0DC0086F125 /* CoreLocation.framework */,
				DFAE16451D170C9B0044B280 /* P3Foundation.framework */,
				DFAE16461D170C9B0044B280 /* P3UIKit.framework */,
			);
			name = Frameworks;
			sourceTree = "<group>";
		};
		DFF2A33C1D5B9314003493C6 /* P3NetworkKitTV */ = {
			isa = PBXGroup;
			children = (
				DFF2A33D1D5B9314003493C6 /* P3NetworkKitTV.h */,
				DFF2A33E1D5B9314003493C6 /* Info.plist */,
			);
			path = P3NetworkKitTV;
			sourceTree = "<group>";
		};
/* End PBXGroup section */

/* Begin PBXHeadersBuildPhase section */
		DF5342711ECBB88600E83B55 /* Headers */ = {
			isa = PBXHeadersBuildPhase;
			buildActionMask = 2147483647;
			files = (
				DF5342781ECBB88600E83B55 /* P3NetworkKitMac.h in Headers */,
			);
			runOnlyForDeploymentPostprocessing = 0;
		};
		DFAE16361D170B350044B280 /* Headers */ = {
			isa = PBXHeadersBuildPhase;
			buildActionMask = 2147483647;
			files = (
				DFAE163D1D170B350044B280 /* P3NetworkKit.h in Headers */,
			);
			runOnlyForDeploymentPostprocessing = 0;
		};
		DFF2A3381D5B9314003493C6 /* Headers */ = {
			isa = PBXHeadersBuildPhase;
			buildActionMask = 2147483647;
			files = (
				DFF2A33F1D5B9314003493C6 /* P3NetworkKitTV.h in Headers */,
			);
			runOnlyForDeploymentPostprocessing = 0;
		};
/* End PBXHeadersBuildPhase section */

/* Begin PBXNativeTarget section */
		DF5342731ECBB88600E83B55 /* P3NetworkKitMac */ = {
			isa = PBXNativeTarget;
			buildConfigurationList = DF53427B1ECBB88600E83B55 /* Build configuration list for PBXNativeTarget "P3NetworkKitMac" */;
			buildPhases = (
				DF53426F1ECBB88600E83B55 /* Sources */,
				DF5342701ECBB88600E83B55 /* Frameworks */,
				DF5342711ECBB88600E83B55 /* Headers */,
				DF5342721ECBB88600E83B55 /* Resources */,
			);
			buildRules = (
			);
			dependencies = (
			);
			name = P3NetworkKitMac;
			productName = P3NetworkKitMac;
			productReference = DF5342741ECBB88600E83B55 /* P3NetworkKitMac.framework */;
			productType = "com.apple.product-type.framework";
		};
		DFAE16381D170B350044B280 /* P3NetworkKit */ = {
			isa = PBXNativeTarget;
			buildConfigurationList = DFAE16411D170B350044B280 /* Build configuration list for PBXNativeTarget "P3NetworkKit" */;
			buildPhases = (
				DFAE16341D170B350044B280 /* Sources */,
				DFAE16351D170B350044B280 /* Frameworks */,
				DFAE16361D170B350044B280 /* Headers */,
				DFAE16371D170B350044B280 /* Resources */,
			);
			buildRules = (
			);
			dependencies = (
			);
			name = P3NetworkKit;
			productName = P3NetworkKit;
			productReference = DFAE16391D170B350044B280 /* P3NetworkKit.framework */;
			productType = "com.apple.product-type.framework";
		};
		DFF2A33A1D5B9314003493C6 /* P3NetworkKitTV */ = {
			isa = PBXNativeTarget;
			buildConfigurationList = DFF2A3421D5B9314003493C6 /* Build configuration list for PBXNativeTarget "P3NetworkKitTV" */;
			buildPhases = (
				DFF2A3361D5B9314003493C6 /* Sources */,
				DFF2A3371D5B9314003493C6 /* Frameworks */,
				DFF2A3381D5B9314003493C6 /* Headers */,
				DFF2A3391D5B9314003493C6 /* Resources */,
			);
			buildRules = (
			);
			dependencies = (
			);
			name = P3NetworkKitTV;
			productName = P3NetworkKitTV;
			productReference = DFF2A33B1D5B9314003493C6 /* P3NetworkKitTV.framework */;
			productType = "com.apple.product-type.framework";
		};
/* End PBXNativeTarget section */

/* Begin PBXProject section */
		DFAE16301D170B350044B280 /* Project object */ = {
			isa = PBXProject;
			attributes = {
				LastUpgradeCheck = 0930;
				ORGANIZATIONNAME = Pacific3;
				TargetAttributes = {
					DF5342731ECBB88600E83B55 = {
						CreatedOnToolsVersion = 8.3.2;
						DevelopmentTeam = KLVVA7E4Z9;
						LastSwiftMigration = 1020;
						ProvisioningStyle = Automatic;
					};
					DFAE16381D170B350044B280 = {
						CreatedOnToolsVersion = 8.0;
						DevelopmentTeam = KLVVA7E4Z9;
						DevelopmentTeamName = "OSCAR  CISNEROS LARIOS";
						LastSwiftMigration = 1020;
						ProvisioningStyle = Automatic;
					};
					DFF2A33A1D5B9314003493C6 = {
						CreatedOnToolsVersion = 8.0;
						DevelopmentTeam = KLVVA7E4Z9;
						LastSwiftMigration = 1020;
						ProvisioningStyle = Automatic;
					};
				};
			};
			buildConfigurationList = DFAE16331D170B350044B280 /* Build configuration list for PBXProject "P3NetworkKit" */;
			compatibilityVersion = "Xcode 3.2";
			developmentRegion = English;
			hasScannedForEncodings = 0;
			knownRegions = (
				en,
			);
			mainGroup = DFAE162F1D170B350044B280;
			productRefGroup = DFAE163A1D170B350044B280 /* Products */;
			projectDirPath = "";
			projectRoot = "";
			targets = (
				DFAE16381D170B350044B280 /* P3NetworkKit */,
				DFF2A33A1D5B9314003493C6 /* P3NetworkKitTV */,
				DF5342731ECBB88600E83B55 /* P3NetworkKitMac */,
			);
		};
/* End PBXProject section */

/* Begin PBXResourcesBuildPhase section */
		DF5342721ECBB88600E83B55 /* Resources */ = {
			isa = PBXResourcesBuildPhase;
			buildActionMask = 2147483647;
			files = (
			);
			runOnlyForDeploymentPostprocessing = 0;
		};
		DFAE16371D170B350044B280 /* Resources */ = {
			isa = PBXResourcesBuildPhase;
			buildActionMask = 2147483647;
			files = (
			);
			runOnlyForDeploymentPostprocessing = 0;
		};
		DFF2A3391D5B9314003493C6 /* Resources */ = {
			isa = PBXResourcesBuildPhase;
			buildActionMask = 2147483647;
			files = (
			);
			runOnlyForDeploymentPostprocessing = 0;
		};
/* End PBXResourcesBuildPhase section */

/* Begin PBXSourcesBuildPhase section */
		DF53426F1ECBB88600E83B55 /* Sources */ = {
			isa = PBXSourcesBuildPhase;
			buildActionMask = 2147483647;
			files = (
				DF5342801ECBB8C400E83B55 /* EndpointType.swift in Sources */,
				DF5342811ECBB8C400E83B55 /* HTTPMethod.swift in Sources */,
				DF5342821ECBB8C400E83B55 /* P3ImageCache.swift in Sources */,
				DF784EFC1F05E560008578D0 /* P3JSONResponseWrapper.swift in Sources */,
				DF55E3481F05CDBD00AE7D2A /* P3ConsumeJSONModelOperation.swift in Sources */,
				DF5342831ECBB8C400E83B55 /* P3ReachabilityCondition.swift in Sources */,
				DF5342841ECBB8C400E83B55 /* P3LocationAvailabilityCondition.swift in Sources */,
				DF5342851ECBB8C400E83B55 /* P3URLSessionTaskOperation.swift in Sources */,
				DF5342861ECBB8C400E83B55 /* P3NetworkOperation.swift in Sources */,
				DF5342871ECBB8C400E83B55 /* P3GetCurrentLocationOperation.swift in Sources */,
				DF5342881ECBB8C400E83B55 /* P3LocationGeocodingOperation.swift in Sources */,
				DF5342891ECBB8C400E83B55 /* P3LocationReverseGeocodingOperation.swift in Sources */,
				DF53428A1ECBB8C400E83B55 /* UIImageView.swift in Sources */,
				DF53428B1ECBB8C400E83B55 /* EndpointConvertible.swift in Sources */,
				DF53428C1ECBB8C400E83B55 /* JSONParselable.swift in Sources */,
			);
			runOnlyForDeploymentPostprocessing = 0;
		};
		DFAE16341D170B350044B280 /* Sources */ = {
			isa = PBXSourcesBuildPhase;
			buildActionMask = 2147483647;
			files = (
				DF8C3DDC1E00D14700EA9879 /* EndpointType.swift in Sources */,
				DF8C3DDD1E00D14700EA9879 /* HTTPMethod.swift in Sources */,
				DF8C3DDE1E00D14700EA9879 /* P3ReachabilityCondition.swift in Sources */,
				DF784EFA1F05E560008578D0 /* P3JSONResponseWrapper.swift in Sources */,
				DF55E3461F05CDBD00AE7D2A /* P3ConsumeJSONModelOperation.swift in Sources */,
				DF8C3DDF1E00D14700EA9879 /* P3LocationAvailabilityCondition.swift in Sources */,
				DF8C3DE01E00D14700EA9879 /* P3URLSessionTaskOperation.swift in Sources */,
				DF8C3DE11E00D14700EA9879 /* P3NetworkOperation.swift in Sources */,
				DF8C3DE21E00D14700EA9879 /* P3GetCurrentLocationOperation.swift in Sources */,
				DF8C3DE31E00D14700EA9879 /* P3LocationGeocodingOperation.swift in Sources */,
				DF8C3DE41E00D14700EA9879 /* P3LocationReverseGeocodingOperation.swift in Sources */,
				DF8C3DE51E00D14700EA9879 /* UIImageView.swift in Sources */,
				DF8C3DE61E00D14700EA9879 /* EndpointConvertible.swift in Sources */,
				DF4F24981EBE7AE600AB8FA7 /* P3ImageCache.swift in Sources */,
				DF8C3DE71E00D14700EA9879 /* JSONParselable.swift in Sources */,
			);
			runOnlyForDeploymentPostprocessing = 0;
		};
		DFF2A3361D5B9314003493C6 /* Sources */ = {
			isa = PBXSourcesBuildPhase;
			buildActionMask = 2147483647;
			files = (
				DFF2A3431D5B931F003493C6 /* EndpointType.swift in Sources */,
				DFF2A3441D5B931F003493C6 /* HTTPMethod.swift in Sources */,
				DFF2A3451D5B931F003493C6 /* P3ReachabilityCondition.swift in Sources */,
				DF784EFB1F05E560008578D0 /* P3JSONResponseWrapper.swift in Sources */,
				DF55E3471F05CDBD00AE7D2A /* P3ConsumeJSONModelOperation.swift in Sources */,
				DFF2A3461D5B931F003493C6 /* P3LocationAvailabilityCondition.swift in Sources */,
				DFF2A3471D5B931F003493C6 /* P3URLSessionTaskOperation.swift in Sources */,
				DFF2A3481D5B931F003493C6 /* P3NetworkOperation.swift in Sources */,
				DFF2A3491D5B931F003493C6 /* P3GetCurrentLocationOperation.swift in Sources */,
				DFF2A34A1D5B931F003493C6 /* P3LocationGeocodingOperation.swift in Sources */,
				DFF2A34B1D5B931F003493C6 /* P3LocationReverseGeocodingOperation.swift in Sources */,
				DFF2A34C1D5B931F003493C6 /* UIImageView.swift in Sources */,
				DFF2A34D1D5B931F003493C6 /* EndpointConvertible.swift in Sources */,
				DF4F24991EBE7AE600AB8FA7 /* P3ImageCache.swift in Sources */,
				DFF2A34E1D5B931F003493C6 /* JSONParselable.swift in Sources */,
			);
			runOnlyForDeploymentPostprocessing = 0;
		};
/* End PBXSourcesBuildPhase section */

/* Begin XCBuildConfiguration section */
		DF5342791ECBB88600E83B55 /* Debug */ = {
			isa = XCBuildConfiguration;
			buildSettings = {
				CLANG_ANALYZER_NUMBER_OBJECT_CONVERSION = YES_AGGRESSIVE;
				CODE_SIGN_IDENTITY = "-";
				COMBINE_HIDPI_IMAGES = YES;
				DEFINES_MODULE = YES;
				DEVELOPMENT_TEAM = KLVVA7E4Z9;
				DYLIB_COMPATIBILITY_VERSION = 1;
				DYLIB_CURRENT_VERSION = 1;
				DYLIB_INSTALL_NAME_BASE = "@rpath";
				FRAMEWORK_VERSION = A;
				INFOPLIST_FILE = P3NetworkKitMac/Info.plist;
				INSTALL_PATH = "$(LOCAL_LIBRARY_DIR)/Frameworks";
				LD_RUNPATH_SEARCH_PATHS = "$(inherited) @executable_path/../Frameworks @loader_path/Frameworks";
				MACOSX_DEPLOYMENT_TARGET = 10.14;
				PRODUCT_BUNDLE_IDENTIFIER = net.pacific3.P3NetworkKitMac;
				PRODUCT_NAME = "$(TARGET_NAME)";
				SDKROOT = macosx;
				SKIP_INSTALL = YES;
				SWIFT_OPTIMIZATION_LEVEL = "-Owholemodule";
				SWIFT_VERSION = 5.0;
			};
			name = Debug;
		};
		DF53427A1ECBB88600E83B55 /* Release */ = {
			isa = XCBuildConfiguration;
			buildSettings = {
				CLANG_ANALYZER_NUMBER_OBJECT_CONVERSION = YES_AGGRESSIVE;
				CODE_SIGN_IDENTITY = "-";
				COMBINE_HIDPI_IMAGES = YES;
				DEFINES_MODULE = YES;
				DEVELOPMENT_TEAM = KLVVA7E4Z9;
				DYLIB_COMPATIBILITY_VERSION = 1;
				DYLIB_CURRENT_VERSION = 1;
				DYLIB_INSTALL_NAME_BASE = "@rpath";
				FRAMEWORK_VERSION = A;
				INFOPLIST_FILE = P3NetworkKitMac/Info.plist;
				INSTALL_PATH = "$(LOCAL_LIBRARY_DIR)/Frameworks";
				LD_RUNPATH_SEARCH_PATHS = "$(inherited) @executable_path/../Frameworks @loader_path/Frameworks";
				MACOSX_DEPLOYMENT_TARGET = 10.14;
				PRODUCT_BUNDLE_IDENTIFIER = net.pacific3.P3NetworkKitMac;
				PRODUCT_NAME = "$(TARGET_NAME)";
				SDKROOT = macosx;
				SKIP_INSTALL = YES;
				SWIFT_VERSION = 5.0;
			};
			name = Release;
		};
		DFAE163F1D170B350044B280 /* Debug */ = {
			isa = XCBuildConfiguration;
			buildSettings = {
				ALWAYS_SEARCH_USER_PATHS = NO;
				CLANG_ANALYZER_NONNULL = YES;
				CLANG_CXX_LANGUAGE_STANDARD = "gnu++0x";
				CLANG_CXX_LIBRARY = "libc++";
				CLANG_ENABLE_MODULES = YES;
				CLANG_ENABLE_OBJC_ARC = YES;
				CLANG_WARN_BLOCK_CAPTURE_AUTORELEASING = YES;
				CLANG_WARN_BOOL_CONVERSION = YES;
				CLANG_WARN_COMMA = YES;
				CLANG_WARN_CONSTANT_CONVERSION = YES;
				CLANG_WARN_DEPRECATED_OBJC_IMPLEMENTATIONS = YES;
				CLANG_WARN_DIRECT_OBJC_ISA_USAGE = YES_ERROR;
				CLANG_WARN_DOCUMENTATION_COMMENTS = YES;
				CLANG_WARN_EMPTY_BODY = YES;
				CLANG_WARN_ENUM_CONVERSION = YES;
				CLANG_WARN_INFINITE_RECURSION = YES;
				CLANG_WARN_INT_CONVERSION = YES;
				CLANG_WARN_NON_LITERAL_NULL_CONVERSION = YES;
				CLANG_WARN_OBJC_IMPLICIT_RETAIN_SELF = YES;
				CLANG_WARN_OBJC_LITERAL_CONVERSION = YES;
				CLANG_WARN_OBJC_ROOT_CLASS = YES_ERROR;
				CLANG_WARN_RANGE_LOOP_ANALYSIS = YES;
				CLANG_WARN_STRICT_PROTOTYPES = YES;
				CLANG_WARN_SUSPICIOUS_MOVE = YES;
				CLANG_WARN_UNREACHABLE_CODE = YES;
				CLANG_WARN__DUPLICATE_METHOD_MATCH = YES;
				"CODE_SIGN_IDENTITY[sdk=iphoneos*]" = "iPhone Developer";
				COPY_PHASE_STRIP = NO;
				CURRENT_PROJECT_VERSION = 1;
				DEBUG_INFORMATION_FORMAT = dwarf;
				ENABLE_STRICT_OBJC_MSGSEND = YES;
				ENABLE_TESTABILITY = YES;
				GCC_C_LANGUAGE_STANDARD = gnu99;
				GCC_DYNAMIC_NO_PIC = NO;
				GCC_NO_COMMON_BLOCKS = YES;
				GCC_OPTIMIZATION_LEVEL = 0;
				GCC_PREPROCESSOR_DEFINITIONS = (
					"DEBUG=1",
					"$(inherited)",
				);
				GCC_WARN_64_TO_32_BIT_CONVERSION = YES;
				GCC_WARN_ABOUT_RETURN_TYPE = YES_ERROR;
				GCC_WARN_UNDECLARED_SELECTOR = YES;
				GCC_WARN_UNINITIALIZED_AUTOS = YES_AGGRESSIVE;
				GCC_WARN_UNUSED_FUNCTION = YES;
				GCC_WARN_UNUSED_VARIABLE = YES;
				IPHONEOS_DEPLOYMENT_TARGET = 10.0;
				MTL_ENABLE_DEBUG_INFO = YES;
				ONLY_ACTIVE_ARCH = YES;
				SDKROOT = iphoneos;
				SWIFT_ACTIVE_COMPILATION_CONDITIONS = DEBUG;
				SWIFT_OPTIMIZATION_LEVEL = "-Onone";
				TARGETED_DEVICE_FAMILY = "1,2";
				VERSIONING_SYSTEM = "apple-generic";
				VERSION_INFO_PREFIX = "";
			};
			name = Debug;
		};
		DFAE16401D170B350044B280 /* Release */ = {
			isa = XCBuildConfiguration;
			buildSettings = {
				ALWAYS_SEARCH_USER_PATHS = NO;
				CLANG_ANALYZER_NONNULL = YES;
				CLANG_CXX_LANGUAGE_STANDARD = "gnu++0x";
				CLANG_CXX_LIBRARY = "libc++";
				CLANG_ENABLE_MODULES = YES;
				CLANG_ENABLE_OBJC_ARC = YES;
				CLANG_WARN_BLOCK_CAPTURE_AUTORELEASING = YES;
				CLANG_WARN_BOOL_CONVERSION = YES;
				CLANG_WARN_COMMA = YES;
				CLANG_WARN_CONSTANT_CONVERSION = YES;
				CLANG_WARN_DEPRECATED_OBJC_IMPLEMENTATIONS = YES;
				CLANG_WARN_DIRECT_OBJC_ISA_USAGE = YES_ERROR;
				CLANG_WARN_DOCUMENTATION_COMMENTS = YES;
				CLANG_WARN_EMPTY_BODY = YES;
				CLANG_WARN_ENUM_CONVERSION = YES;
				CLANG_WARN_INFINITE_RECURSION = YES;
				CLANG_WARN_INT_CONVERSION = YES;
				CLANG_WARN_NON_LITERAL_NULL_CONVERSION = YES;
				CLANG_WARN_OBJC_IMPLICIT_RETAIN_SELF = YES;
				CLANG_WARN_OBJC_LITERAL_CONVERSION = YES;
				CLANG_WARN_OBJC_ROOT_CLASS = YES_ERROR;
				CLANG_WARN_RANGE_LOOP_ANALYSIS = YES;
				CLANG_WARN_STRICT_PROTOTYPES = YES;
				CLANG_WARN_SUSPICIOUS_MOVE = YES;
				CLANG_WARN_UNREACHABLE_CODE = YES;
				CLANG_WARN__DUPLICATE_METHOD_MATCH = YES;
				"CODE_SIGN_IDENTITY[sdk=iphoneos*]" = "iPhone Developer";
				COPY_PHASE_STRIP = NO;
				CURRENT_PROJECT_VERSION = 1;
				DEBUG_INFORMATION_FORMAT = "dwarf-with-dsym";
				ENABLE_NS_ASSERTIONS = NO;
				ENABLE_STRICT_OBJC_MSGSEND = YES;
				GCC_C_LANGUAGE_STANDARD = gnu99;
				GCC_NO_COMMON_BLOCKS = YES;
				GCC_WARN_64_TO_32_BIT_CONVERSION = YES;
				GCC_WARN_ABOUT_RETURN_TYPE = YES_ERROR;
				GCC_WARN_UNDECLARED_SELECTOR = YES;
				GCC_WARN_UNINITIALIZED_AUTOS = YES_AGGRESSIVE;
				GCC_WARN_UNUSED_FUNCTION = YES;
				GCC_WARN_UNUSED_VARIABLE = YES;
				IPHONEOS_DEPLOYMENT_TARGET = 10.0;
				MTL_ENABLE_DEBUG_INFO = NO;
				SDKROOT = iphoneos;
				SWIFT_OPTIMIZATION_LEVEL = "-Owholemodule";
				TARGETED_DEVICE_FAMILY = "1,2";
				VALIDATE_PRODUCT = YES;
				VERSIONING_SYSTEM = "apple-generic";
				VERSION_INFO_PREFIX = "";
			};
			name = Release;
		};
		DFAE16421D170B350044B280 /* Debug */ = {
			isa = XCBuildConfiguration;
			buildSettings = {
				CLANG_ENABLE_MODULES = YES;
				CODE_SIGN_IDENTITY = "iPhone Developer";
				"CODE_SIGN_IDENTITY[sdk=iphoneos*]" = "";
				DEFINES_MODULE = YES;
				DEVELOPMENT_TEAM = KLVVA7E4Z9;
				DYLIB_COMPATIBILITY_VERSION = 1;
				DYLIB_CURRENT_VERSION = 1;
				DYLIB_INSTALL_NAME_BASE = "@rpath";
				INFOPLIST_FILE = "$(SRCROOT)/Sources/Info.plist";
				INSTALL_PATH = "$(LOCAL_LIBRARY_DIR)/Frameworks";
				LD_RUNPATH_SEARCH_PATHS = "$(inherited) @executable_path/Frameworks @loader_path/Frameworks";
				PRODUCT_BUNDLE_IDENTIFIER = net.Pacific3.P3NetworkKit;
				PRODUCT_NAME = "$(TARGET_NAME)";
				SKIP_INSTALL = YES;
				SWIFT_OPTIMIZATION_LEVEL = "-Onone";
				SWIFT_VERSION = 5.0;
			};
			name = Debug;
		};
		DFAE16431D170B350044B280 /* Release */ = {
			isa = XCBuildConfiguration;
			buildSettings = {
				CLANG_ENABLE_MODULES = YES;
				"CODE_SIGN_IDENTITY[sdk=iphoneos*]" = "";
				DEFINES_MODULE = YES;
				DEVELOPMENT_TEAM = KLVVA7E4Z9;
				DYLIB_COMPATIBILITY_VERSION = 1;
				DYLIB_CURRENT_VERSION = 1;
				DYLIB_INSTALL_NAME_BASE = "@rpath";
				INFOPLIST_FILE = "$(SRCROOT)/Sources/Info.plist";
				INSTALL_PATH = "$(LOCAL_LIBRARY_DIR)/Frameworks";
				LD_RUNPATH_SEARCH_PATHS = "$(inherited) @executable_path/Frameworks @loader_path/Frameworks";
				PRODUCT_BUNDLE_IDENTIFIER = net.Pacific3.P3NetworkKit;
				PRODUCT_NAME = "$(TARGET_NAME)";
				SKIP_INSTALL = YES;
				SWIFT_VERSION = 5.0;
			};
			name = Release;
		};
		DFF2A3401D5B9314003493C6 /* Debug */ = {
			isa = XCBuildConfiguration;
			buildSettings = {
				CLANG_WARN_INFINITE_RECURSION = YES;
				CLANG_WARN_SUSPICIOUS_MOVES = YES;
				CODE_SIGN_IDENTITY = "";
				DEFINES_MODULE = YES;
				DEVELOPMENT_TEAM = KLVVA7E4Z9;
				DYLIB_COMPATIBILITY_VERSION = 1;
				DYLIB_CURRENT_VERSION = 1;
				DYLIB_INSTALL_NAME_BASE = "@rpath";
				INFOPLIST_FILE = P3NetworkKitTV/Info.plist;
				INSTALL_PATH = "$(LOCAL_LIBRARY_DIR)/Frameworks";
				LD_RUNPATH_SEARCH_PATHS = "$(inherited) @executable_path/Frameworks @loader_path/Frameworks";
				PRODUCT_BUNDLE_IDENTIFIER = net.Pacific3.P3NetworkKitTV;
				PRODUCT_NAME = "$(TARGET_NAME)";
				SDKROOT = appletvos;
				SKIP_INSTALL = YES;
				SWIFT_VERSION = 5.0;
				TARGETED_DEVICE_FAMILY = 3;
				TVOS_DEPLOYMENT_TARGET = 10.0;
			};
			name = Debug;
		};
		DFF2A3411D5B9314003493C6 /* Release */ = {
			isa = XCBuildConfiguration;
			buildSettings = {
				CLANG_WARN_INFINITE_RECURSION = YES;
				CLANG_WARN_SUSPICIOUS_MOVES = YES;
				CODE_SIGN_IDENTITY = "";
				DEFINES_MODULE = YES;
				DEVELOPMENT_TEAM = KLVVA7E4Z9;
				DYLIB_COMPATIBILITY_VERSION = 1;
				DYLIB_CURRENT_VERSION = 1;
				DYLIB_INSTALL_NAME_BASE = "@rpath";
				INFOPLIST_FILE = P3NetworkKitTV/Info.plist;
				INSTALL_PATH = "$(LOCAL_LIBRARY_DIR)/Frameworks";
				LD_RUNPATH_SEARCH_PATHS = "$(inherited) @executable_path/Frameworks @loader_path/Frameworks";
				PRODUCT_BUNDLE_IDENTIFIER = net.Pacific3.P3NetworkKitTV;
				PRODUCT_NAME = "$(TARGET_NAME)";
				SDKROOT = appletvos;
				SKIP_INSTALL = YES;
				SWIFT_VERSION = 5.0;
				TARGETED_DEVICE_FAMILY = 3;
				TVOS_DEPLOYMENT_TARGET = 10.0;
			};
			name = Release;
		};
/* End XCBuildConfiguration section */

/* Begin XCConfigurationList section */
		DF53427B1ECBB88600E83B55 /* Build configuration list for PBXNativeTarget "P3NetworkKitMac" */ = {
			isa = XCConfigurationList;
			buildConfigurations = (
				DF5342791ECBB88600E83B55 /* Debug */,
				DF53427A1ECBB88600E83B55 /* Release */,
			);
			defaultConfigurationIsVisible = 0;
			defaultConfigurationName = Release;
		};
		DFAE16331D170B350044B280 /* Build configuration list for PBXProject "P3NetworkKit" */ = {
			isa = XCConfigurationList;
			buildConfigurations = (
				DFAE163F1D170B350044B280 /* Debug */,
				DFAE16401D170B350044B280 /* Release */,
			);
			defaultConfigurationIsVisible = 0;
			defaultConfigurationName = Release;
		};
		DFAE16411D170B350044B280 /* Build configuration list for PBXNativeTarget "P3NetworkKit" */ = {
			isa = XCConfigurationList;
			buildConfigurations = (
				DFAE16421D170B350044B280 /* Debug */,
				DFAE16431D170B350044B280 /* Release */,
			);
			defaultConfigurationIsVisible = 0;
			defaultConfigurationName = Release;
		};
		DFF2A3421D5B9314003493C6 /* Build configuration list for PBXNativeTarget "P3NetworkKitTV" */ = {
			isa = XCConfigurationList;
			buildConfigurations = (
				DFF2A3401D5B9314003493C6 /* Debug */,
				DFF2A3411D5B9314003493C6 /* Release */,
			);
			defaultConfigurationIsVisible = 0;
			defaultConfigurationName = Release;
		};
/* End XCConfigurationList section */
	};
	rootObject = DFAE16301D170B350044B280 /* Project object */;
}
